
Microsoft Visual Studio Solution File, Format Version 12.00
# Visual Studio Version 17
VisualStudioVersion = 17.10.34707.107
MinimumVisualStudioVersion = 10.0.40219.1
Project("{2150E333-8FDC-42A3-9474-1A3956D46DE8}") = "src", "src", "{C67E9A26-958D-4830-9A5E-7C9582F31AEB}"
EndProject
Project("{2150E333-8FDC-42A3-9474-1A3956D46DE8}") = "Server", "Server", "{10A902A5-299D-4EB5-A5BE-7E5167F9372C}"
EndProject
Project("{9A19103F-16F7-4668-BE54-9A1E7A4F7556}") = "BudgetR.Server.Infrastructure", "src\Server\BudgetR.Server.Infrastructure\BudgetR.Server.Infrastructure.csproj", "{7B093907-ADE0-478B-99C1-6EDF701EE0D2}"
EndProject
Project("{9A19103F-16F7-4668-BE54-9A1E7A4F7556}") = "BudgetR.Server.Application", "src\Server\BudgetR.Server.Handlers\BudgetR.Server.Application.csproj", "{A5DE2C99-3804-479C-8537-DC5DB19C42DC}"
EndProject
Project("{2150E333-8FDC-42A3-9474-1A3956D46DE8}") = "test", "test", "{70774E53-35BD-4B7E-B0E8-29CB208D8860}"
EndProject
Project("{9A19103F-16F7-4668-BE54-9A1E7A4F7556}") = "BudgetR.RegressionTests", "src\Test\BudgetR.RegressionTests\BudgetR.RegressionTests.csproj", "{585D51F1-1D2C-4195-89FA-EB826D42F355}"
EndProject
Project("{2150E333-8FDC-42A3-9474-1A3956D46DE8}") = "scripts", "scripts", "{C76F969F-49A5-435A-9145-08119734BDD0}"
	ProjectSection(SolutionItems) = preProject
		Create_BudgetR_Database.sql = Create_BudgetR_Database.sql
	EndProjectSection
EndProject
Project("{9A19103F-16F7-4668-BE54-9A1E7A4F7556}") = "BudgetR.deprecated", "src\BudgetR.Deprecated\BudgetR.deprecated.csproj", "{D1358BBF-B58F-4939-B63D-EDE6F4184795}"
EndProject
Project("{9A19103F-16F7-4668-BE54-9A1E7A4F7556}") = "BudgetR", "src\BudgetR\BudgetR.csproj", "{1AEAE2C9-3FED-4277-8BFA-8CA939DF1AD2}"
EndProject
Project("{2150E333-8FDC-42A3-9474-1A3956D46DE8}") = "Solution Items", "Solution Items", "{3AEA7CC4-BC37-40C7-B433-FDC34A01556F}"
	ProjectSection(SolutionItems) = preProject
		README.md = README.md
		ToDoList.MD = ToDoList.MD
	EndProjectSection
EndProject
Project("{2150E333-8FDC-42A3-9474-1A3956D46DE8}") = "Tools", "Tools", "{F2A12870-5DFB-4302-B768-FC3CD3105E84}"
EndProject
Project("{9A19103F-16F7-4668-BE54-9A1E7A4F7556}") = "BudgetR.Tools.TransactionHandler", "src\Tools\BudgetR.Tools.TransactionHandler\BudgetR.Tools.TransactionHandler.csproj", "{82FCD2F7-9294-4FB6-B04C-C01D9DECBF84}"
EndProject
Project("{9A19103F-16F7-4668-BE54-9A1E7A4F7556}") = "BudgetR.Server.Domain", "src\Server\BudgetR.Server.Domain\BudgetR.Server.Domain.csproj", "{E7F5FB85-B0B1-47D5-85E2-C9E6994653FF}"
EndProject
Project("{9A19103F-16F7-4668-BE54-9A1E7A4F7556}") = "BudgetR.Server.Services", "src\Server\BudgetR.Server.Services\BudgetR.Server.Services.csproj", "{1AECC74B-7292-4F20-89F6-903FDC4D6216}"
EndProject
Project("{9A19103F-16F7-4668-BE54-9A1E7A4F7556}") = "BudgetR.Core", "src\BudgetR.Core\BudgetR.Core.csproj", "{829D1CF0-05DD-415D-9869-391C02D0E7F8}"
EndProject
Global
	GlobalSection(SolutionConfigurationPlatforms) = preSolution
		Debug|Any CPU = Debug|Any CPU
		Release|Any CPU = Release|Any CPU
	EndGlobalSection
	GlobalSection(ProjectConfigurationPlatforms) = postSolution
		{7B093907-ADE0-478B-99C1-6EDF701EE0D2}.Debug|Any CPU.ActiveCfg = Debug|Any CPU
		{7B093907-ADE0-478B-99C1-6EDF701EE0D2}.Debug|Any CPU.Build.0 = Debug|Any CPU
		{7B093907-ADE0-478B-99C1-6EDF701EE0D2}.Release|Any CPU.ActiveCfg = Release|Any CPU
		{7B093907-ADE0-478B-99C1-6EDF701EE0D2}.Release|Any CPU.Build.0 = Release|Any CPU
		{A5DE2C99-3804-479C-8537-DC5DB19C42DC}.Debug|Any CPU.ActiveCfg = Debug|Any CPU
		{A5DE2C99-3804-479C-8537-DC5DB19C42DC}.Debug|Any CPU.Build.0 = Debug|Any CPU
		{A5DE2C99-3804-479C-8537-DC5DB19C42DC}.Release|Any CPU.ActiveCfg = Release|Any CPU
		{A5DE2C99-3804-479C-8537-DC5DB19C42DC}.Release|Any CPU.Build.0 = Release|Any CPU
		{585D51F1-1D2C-4195-89FA-EB826D42F355}.Debug|Any CPU.ActiveCfg = Debug|Any CPU
		{585D51F1-1D2C-4195-89FA-EB826D42F355}.Debug|Any CPU.Build.0 = Debug|Any CPU
		{585D51F1-1D2C-4195-89FA-EB826D42F355}.Release|Any CPU.ActiveCfg = Release|Any CPU
		{585D51F1-1D2C-4195-89FA-EB826D42F355}.Release|Any CPU.Build.0 = Release|Any CPU
		{D1358BBF-B58F-4939-B63D-EDE6F4184795}.Debug|Any CPU.ActiveCfg = Debug|Any CPU
		{D1358BBF-B58F-4939-B63D-EDE6F4184795}.Debug|Any CPU.Build.0 = Debug|Any CPU
		{D1358BBF-B58F-4939-B63D-EDE6F4184795}.Release|Any CPU.ActiveCfg = Release|Any CPU
		{D1358BBF-B58F-4939-B63D-EDE6F4184795}.Release|Any CPU.Build.0 = Release|Any CPU
		{1AEAE2C9-3FED-4277-8BFA-8CA939DF1AD2}.Debug|Any CPU.ActiveCfg = Debug|Any CPU
		{1AEAE2C9-3FED-4277-8BFA-8CA939DF1AD2}.Debug|Any CPU.Build.0 = Debug|Any CPU
		{1AEAE2C9-3FED-4277-8BFA-8CA939DF1AD2}.Release|Any CPU.ActiveCfg = Release|Any CPU
		{1AEAE2C9-3FED-4277-8BFA-8CA939DF1AD2}.Release|Any CPU.Build.0 = Release|Any CPU
		{82FCD2F7-9294-4FB6-B04C-C01D9DECBF84}.Debug|Any CPU.ActiveCfg = Debug|Any CPU
		{82FCD2F7-9294-4FB6-B04C-C01D9DECBF84}.Debug|Any CPU.Build.0 = Debug|Any CPU
		{82FCD2F7-9294-4FB6-B04C-C01D9DECBF84}.Release|Any CPU.ActiveCfg = Release|Any CPU
		{82FCD2F7-9294-4FB6-B04C-C01D9DECBF84}.Release|Any CPU.Build.0 = Release|Any CPU
		{E7F5FB85-B0B1-47D5-85E2-C9E6994653FF}.Debug|Any CPU.ActiveCfg = Debug|Any CPU
		{E7F5FB85-B0B1-47D5-85E2-C9E6994653FF}.Debug|Any CPU.Build.0 = Debug|Any CPU
		{E7F5FB85-B0B1-47D5-85E2-C9E6994653FF}.Release|Any CPU.ActiveCfg = Release|Any CPU
		{E7F5FB85-B0B1-47D5-85E2-C9E6994653FF}.Release|Any CPU.Build.0 = Release|Any CPU
		{1AECC74B-7292-4F20-89F6-903FDC4D6216}.Debug|Any CPU.ActiveCfg = Debug|Any CPU
		{1AECC74B-7292-4F20-89F6-903FDC4D6216}.Debug|Any CPU.Build.0 = Debug|Any CPU
		{1AECC74B-7292-4F20-89F6-903FDC4D6216}.Release|Any CPU.ActiveCfg = Release|Any CPU
		{1AECC74B-7292-4F20-89F6-903FDC4D6216}.Release|Any CPU.Build.0 = Release|Any CPU
		{829D1CF0-05DD-415D-9869-391C02D0E7F8}.Debug|Any CPU.ActiveCfg = Debug|Any CPU
		{829D1CF0-05DD-415D-9869-391C02D0E7F8}.Debug|Any CPU.Build.0 = Debug|Any CPU
		{829D1CF0-05DD-415D-9869-391C02D0E7F8}.Release|Any CPU.ActiveCfg = Release|Any CPU
		{829D1CF0-05DD-415D-9869-391C02D0E7F8}.Release|Any CPU.Build.0 = Release|Any CPU
	EndGlobalSection
	GlobalSection(SolutionProperties) = preSolution
		HideSolutionNode = FALSE
	EndGlobalSection
	GlobalSection(NestedProjects) = preSolution
		{10A902A5-299D-4EB5-A5BE-7E5167F9372C} = {C67E9A26-958D-4830-9A5E-7C9582F31AEB}
		{7B093907-ADE0-478B-99C1-6EDF701EE0D2} = {10A902A5-299D-4EB5-A5BE-7E5167F9372C}
		{A5DE2C99-3804-479C-8537-DC5DB19C42DC} = {10A902A5-299D-4EB5-A5BE-7E5167F9372C}
		{585D51F1-1D2C-4195-89FA-EB826D42F355} = {70774E53-35BD-4B7E-B0E8-29CB208D8860}
		{D1358BBF-B58F-4939-B63D-EDE6F4184795} = {C67E9A26-958D-4830-9A5E-7C9582F31AEB}
		{1AEAE2C9-3FED-4277-8BFA-8CA939DF1AD2} = {C67E9A26-958D-4830-9A5E-7C9582F31AEB}
		{82FCD2F7-9294-4FB6-B04C-C01D9DECBF84} = {F2A12870-5DFB-4302-B768-FC3CD3105E84}
		{E7F5FB85-B0B1-47D5-85E2-C9E6994653FF} = {10A902A5-299D-4EB5-A5BE-7E5167F9372C}
		{1AECC74B-7292-4F20-89F6-903FDC4D6216} = {10A902A5-299D-4EB5-A5BE-7E5167F9372C}
		{829D1CF0-05DD-415D-9869-391C02D0E7F8} = {C67E9A26-958D-4830-9A5E-7C9582F31AEB}
	EndGlobalSection
	GlobalSection(ExtensibilityGlobals) = postSolution
		SolutionGuid = {BC05EF65-3C10-468D-B312-2ED1E0D0367E}
	EndGlobalSection
EndGlobal
